
Microsoft Visual Studio Solution File, Format Version 12.00
# Visual Studio Version 16
VisualStudioVersion = 16.0.30128.74
MinimumVisualStudioVersion = 10.0.40219.1
Project("{888888A0-9F3D-457C-B088-3A5042F75D52}") = "AdiviNumb3r", "AdiviNumb3r.pyproj", "{8CF6AA07-F875-4EE1-94D6-2C042FE2CC75}"
EndProject
Global
	GlobalSection(SolutionConfigurationPlatforms) = preSolution
		Debug|Any CPU = Debug|Any CPU
		Release|Any CPU = Release|Any CPU
	EndGlobalSection
	GlobalSection(ProjectConfigurationPlatforms) = postSolution
		{8CF6AA07-F875-4EE1-94D6-2C042FE2CC75}.Debug|Any CPU.ActiveCfg = Debug|Any CPU
		{8CF6AA07-F875-4EE1-94D6-2C042FE2CC75}.Release|Any CPU.ActiveCfg = Release|Any CPU
	EndGlobalSection
	GlobalSection(SolutionProperties) = preSolution
		HideSolutionNode = FALSE
	EndGlobalSection
	GlobalSection(ExtensibilityGlobals) = postSolution
		SolutionGuid = {5149E2D9-1699-45A5-B404-D161E09EE8DC}
	EndGlobalSection
EndGlobal
